
Microsoft Visual Studio Solution File, Format Version 12.00
Project("{FAE04EC0-301F-11D3-BF4B-00C04F79EFBC}") = "DAL", "DAL\DAL.csproj", "{7A6D48BA-02FB-4778-BDC0-C0C6DCB3D7B3}"
EndProject
Project("{FAE04EC0-301F-11D3-BF4B-00C04F79EFBC}") = "BLL", "BLL\BLL.csproj", "{7669C18A-C624-42B3-90A5-6A447724D049}"
EndProject
Project("{FAE04EC0-301F-11D3-BF4B-00C04F79EFBC}") = "PL", "PL\PL.csproj", "{2392B67A-137D-450C-80C3-4F1FF5115F93}"
EndProject
Global
	GlobalSection(SolutionConfigurationPlatforms) = preSolution
		Debug|Any CPU = Debug|Any CPU
		Release|Any CPU = Release|Any CPU
	EndGlobalSection
	GlobalSection(ProjectConfigurationPlatforms) = postSolution
		{7A6D48BA-02FB-4778-BDC0-C0C6DCB3D7B3}.Debug|Any CPU.ActiveCfg = Debug|Any CPU
		{7A6D48BA-02FB-4778-BDC0-C0C6DCB3D7B3}.Debug|Any CPU.Build.0 = Debug|Any CPU
		{7A6D48BA-02FB-4778-BDC0-C0C6DCB3D7B3}.Release|Any CPU.ActiveCfg = Release|Any CPU
		{7A6D48BA-02FB-4778-BDC0-C0C6DCB3D7B3}.Release|Any CPU.Build.0 = Release|Any CPU
		{7669C18A-C624-42B3-90A5-6A447724D049}.Debug|Any CPU.ActiveCfg = Debug|Any CPU
		{7669C18A-C624-42B3-90A5-6A447724D049}.Debug|Any CPU.Build.0 = Debug|Any CPU
		{7669C18A-C624-42B3-90A5-6A447724D049}.Release|Any CPU.ActiveCfg = Release|Any CPU
		{7669C18A-C624-42B3-90A5-6A447724D049}.Release|Any CPU.Build.0 = Release|Any CPU
		{2392B67A-137D-450C-80C3-4F1FF5115F93}.Debug|Any CPU.ActiveCfg = Debug|Any CPU
		{2392B67A-137D-450C-80C3-4F1FF5115F93}.Debug|Any CPU.Build.0 = Debug|Any CPU
		{2392B67A-137D-450C-80C3-4F1FF5115F93}.Release|Any CPU.ActiveCfg = Release|Any CPU
		{2392B67A-137D-450C-80C3-4F1FF5115F93}.Release|Any CPU.Build.0 = Release|Any CPU
	EndGlobalSection
EndGlobal
